
Microsoft Visual Studio Solution File, Format Version 12.00
# Visual Studio Version 17
VisualStudioVersion = 17.0.31903.59
MinimumVisualStudioVersion = 10.0.40219.1
Project("{2150E333-8FDC-42A3-9474-1A3956D46DE8}") = "src", "src", "{827E0CD3-B72D-47B6-A68D-7590B98EB39B}"
EndProject
Project("{FAE04EC0-301F-11D3-BF4B-00C04F79EFBC}") = "ClothingStore.Core", "src\ClothingStore.Core\ClothingStore.Core.csproj", "{DBC38F02-AFA2-4BB2-A628-0A92887B424F}"
EndProject
Project("{FAE04EC0-301F-11D3-BF4B-00C04F79EFBC}") = "ClothingStore.Data", "src\ClothingStore.Data\ClothingStore.Data.csproj", "{7CEE8DCF-A148-4AB7-A8A3-32720DA691D9}"
EndProject
Project("{FAE04EC0-301F-11D3-BF4B-00C04F79EFBC}") = "ClothingStore.Desktop", "src\ClothingStore.Desktop\ClothingStore.Desktop.csproj", "{D2A69A95-42FF-46EF-84BF-82AAB9A5862A}"
EndProject
Project("{2150E333-8FDC-42A3-9474-1A3956D46DE8}") = "tests", "tests", "{0AB3BF05-4346-4AA6-1389-037BE0695223}"
EndProject
Project("{FAE04EC0-301F-11D3-BF4B-00C04F79EFBC}") = "ClothingStore.Tests", "tests\ClothingStore.Tests\ClothingStore.Tests.csproj", "{C2CE6680-BB4F-491C-9B86-EF07E33183CE}"
EndProject
Global
	GlobalSection(SolutionConfigurationPlatforms) = preSolution
		Debug|Any CPU = Debug|Any CPU
		Debug|x64 = Debug|x64
		Debug|x86 = Debug|x86
		Release|Any CPU = Release|Any CPU
		Release|x64 = Release|x64
		Release|x86 = Release|x86
	EndGlobalSection
	GlobalSection(ProjectConfigurationPlatforms) = postSolution
		{DBC38F02-AFA2-4BB2-A628-0A92887B424F}.Debug|Any CPU.ActiveCfg = Debug|Any CPU
		{DBC38F02-AFA2-4BB2-A628-0A92887B424F}.Debug|Any CPU.Build.0 = Debug|Any CPU
		{DBC38F02-AFA2-4BB2-A628-0A92887B424F}.Debug|x64.ActiveCfg = Debug|Any CPU
		{DBC38F02-AFA2-4BB2-A628-0A92887B424F}.Debug|x64.Build.0 = Debug|Any CPU
		{DBC38F02-AFA2-4BB2-A628-0A92887B424F}.Debug|x86.ActiveCfg = Debug|Any CPU
		{DBC38F02-AFA2-4BB2-A628-0A92887B424F}.Debug|x86.Build.0 = Debug|Any CPU
		{DBC38F02-AFA2-4BB2-A628-0A92887B424F}.Release|Any CPU.ActiveCfg = Release|Any CPU
		{DBC38F02-AFA2-4BB2-A628-0A92887B424F}.Release|Any CPU.Build.0 = Release|Any CPU
		{DBC38F02-AFA2-4BB2-A628-0A92887B424F}.Release|x64.ActiveCfg = Release|Any CPU
		{DBC38F02-AFA2-4BB2-A628-0A92887B424F}.Release|x64.Build.0 = Release|Any CPU
		{DBC38F02-AFA2-4BB2-A628-0A92887B424F}.Release|x86.ActiveCfg = Release|Any CPU
		{DBC38F02-AFA2-4BB2-A628-0A92887B424F}.Release|x86.Build.0 = Release|Any CPU
		{7CEE8DCF-A148-4AB7-A8A3-32720DA691D9}.Debug|Any CPU.ActiveCfg = Debug|Any CPU
		{7CEE8DCF-A148-4AB7-A8A3-32720DA691D9}.Debug|Any CPU.Build.0 = Debug|Any CPU
		{7CEE8DCF-A148-4AB7-A8A3-32720DA691D9}.Debug|x64.ActiveCfg = Debug|Any CPU
		{7CEE8DCF-A148-4AB7-A8A3-32720DA691D9}.Debug|x64.Build.0 = Debug|Any CPU
		{7CEE8DCF-A148-4AB7-A8A3-32720DA691D9}.Debug|x86.ActiveCfg = Debug|Any CPU
		{7CEE8DCF-A148-4AB7-A8A3-32720DA691D9}.Debug|x86.Build.0 = Debug|Any CPU
		{7CEE8DCF-A148-4AB7-A8A3-32720DA691D9}.Release|Any CPU.ActiveCfg = Release|Any CPU
		{7CEE8DCF-A148-4AB7-A8A3-32720DA691D9}.Release|Any CPU.Build.0 = Release|Any CPU
		{7CEE8DCF-A148-4AB7-A8A3-32720DA691D9}.Release|x64.ActiveCfg = Release|Any CPU
		{7CEE8DCF-A148-4AB7-A8A3-32720DA691D9}.Release|x64.Build.0 = Release|Any CPU
		{7CEE8DCF-A148-4AB7-A8A3-32720DA691D9}.Release|x86.ActiveCfg = Release|Any CPU
		{7CEE8DCF-A148-4AB7-A8A3-32720DA691D9}.Release|x86.Build.0 = Release|Any CPU
		{D2A69A95-42FF-46EF-84BF-82AAB9A5862A}.Debug|Any CPU.ActiveCfg = Debug|Any CPU
		{D2A69A95-42FF-46EF-84BF-82AAB9A5862A}.Debug|Any CPU.Build.0 = Debug|Any CPU
		{D2A69A95-42FF-46EF-84BF-82AAB9A5862A}.Debug|x64.ActiveCfg = Debug|Any CPU
		{D2A69A95-42FF-46EF-84BF-82AAB9A5862A}.Debug|x64.Build.0 = Debug|Any CPU
		{D2A69A95-42FF-46EF-84BF-82AAB9A5862A}.Debug|x86.ActiveCfg = Debug|Any CPU
		{D2A69A95-42FF-46EF-84BF-82AAB9A5862A}.Debug|x86.Build.0 = Debug|Any CPU
		{D2A69A95-42FF-46EF-84BF-82AAB9A5862A}.Release|Any CPU.ActiveCfg = Release|Any CPU
		{D2A69A95-42FF-46EF-84BF-82AAB9A5862A}.Release|Any CPU.Build.0 = Release|Any CPU
		{D2A69A95-42FF-46EF-84BF-82AAB9A5862A}.Release|x64.ActiveCfg = Release|Any CPU
		{D2A69A95-42FF-46EF-84BF-82AAB9A5862A}.Release|x64.Build.0 = Release|Any CPU
		{D2A69A95-42FF-46EF-84BF-82AAB9A5862A}.Release|x86.ActiveCfg = Release|Any CPU
		{D2A69A95-42FF-46EF-84BF-82AAB9A5862A}.Release|x86.Build.0 = Release|Any CPU
		{C2CE6680-BB4F-491C-9B86-EF07E33183CE}.Debug|Any CPU.ActiveCfg = Debug|Any CPU
		{C2CE6680-BB4F-491C-9B86-EF07E33183CE}.Debug|Any CPU.Build.0 = Debug|Any CPU
		{C2CE6680-BB4F-491C-9B86-EF07E33183CE}.Debug|x64.ActiveCfg = Debug|Any CPU
		{C2CE6680-BB4F-491C-9B86-EF07E33183CE}.Debug|x64.Build.0 = Debug|Any CPU
		{C2CE6680-BB4F-491C-9B86-EF07E33183CE}.Debug|x86.ActiveCfg = Debug|Any CPU
		{C2CE6680-BB4F-491C-9B86-EF07E33183CE}.Debug|x86.Build.0 = Debug|Any CPU
		{C2CE6680-BB4F-491C-9B86-EF07E33183CE}.Release|Any CPU.ActiveCfg = Release|Any CPU
		{C2CE6680-BB4F-491C-9B86-EF07E33183CE}.Release|Any CPU.Build.0 = Release|Any CPU
		{C2CE6680-BB4F-491C-9B86-EF07E33183CE}.Release|x64.ActiveCfg = Release|Any CPU
		{C2CE6680-BB4F-491C-9B86-EF07E33183CE}.Release|x64.Build.0 = Release|Any CPU
		{C2CE6680-BB4F-491C-9B86-EF07E33183CE}.Release|x86.ActiveCfg = Release|Any CPU
		{C2CE6680-BB4F-491C-9B86-EF07E33183CE}.Release|x86.Build.0 = Release|Any CPU
	EndGlobalSection
	GlobalSection(SolutionProperties) = preSolution
		HideSolutionNode = FALSE
	EndGlobalSection
	GlobalSection(NestedProjects) = preSolution
		{DBC38F02-AFA2-4BB2-A628-0A92887B424F} = {827E0CD3-B72D-47B6-A68D-7590B98EB39B}
		{7CEE8DCF-A148-4AB7-A8A3-32720DA691D9} = {827E0CD3-B72D-47B6-A68D-7590B98EB39B}
		{D2A69A95-42FF-46EF-84BF-82AAB9A5862A} = {827E0CD3-B72D-47B6-A68D-7590B98EB39B}
		{C2CE6680-BB4F-491C-9B86-EF07E33183CE} = {0AB3BF05-4346-4AA6-1389-037BE0695223}
	EndGlobalSection
EndGlobal
